
Microsoft Visual Studio Solution File, Format Version 12.00
# Visual Studio Version 17
VisualStudioVersion = 17.11.35222.181
MinimumVisualStudioVersion = 10.0.40219.1
Project("{FAE04EC0-301F-11D3-BF4B-00C04F79EFBC}") = "UBS.RiskRating", "src\UBS.RiskRating.csproj", "{AEB5133B-05AE-4CF8-9F0E-0A3AD2E396C9}"
EndProject
Global
	GlobalSection(SolutionConfigurationPlatforms) = preSolution
		Debug|Any CPU = Debug|Any CPU
		Release|Any CPU = Release|Any CPU
	EndGlobalSection
	GlobalSection(ProjectConfigurationPlatforms) = postSolution
		{AEB5133B-05AE-4CF8-9F0E-0A3AD2E396C9}.Debug|Any CPU.ActiveCfg = Debug|Any CPU
		{AEB5133B-05AE-4CF8-9F0E-0A3AD2E396C9}.Debug|Any CPU.Build.0 = Debug|Any CPU
		{AEB5133B-05AE-4CF8-9F0E-0A3AD2E396C9}.Release|Any CPU.ActiveCfg = Release|Any CPU
		{AEB5133B-05AE-4CF8-9F0E-0A3AD2E396C9}.Release|Any CPU.Build.0 = Release|Any CPU
	EndGlobalSection
	GlobalSection(SolutionProperties) = preSolution
		HideSolutionNode = FALSE
	EndGlobalSection
	GlobalSection(ExtensibilityGlobals) = postSolution
		SolutionGuid = {13E249FD-A137-4761-985D-C6AFAE20197E}
	EndGlobalSection
EndGlobal
